
Microsoft Visual Studio Solution File, Format Version 12.00
# Visual Studio Version 16
VisualStudioVersion = 16.0.29613.14
MinimumVisualStudioVersion = 10.0.40219.1
Project("{FAE04EC0-301F-11D3-BF4B-00C04F79EFBC}") = "WebApiDotNetDemo", "WebApiDotNetDemo\WebApiDotNetDemo.csproj", "{53369178-A189-41A2-958D-4657A5B8D6EB}"
EndProject
Global
	GlobalSection(SolutionConfigurationPlatforms) = preSolution
		Debug|Any CPU = Debug|Any CPU
		Release|Any CPU = Release|Any CPU
	EndGlobalSection
	GlobalSection(ProjectConfigurationPlatforms) = postSolution
		{53369178-A189-41A2-958D-4657A5B8D6EB}.Debug|Any CPU.ActiveCfg = Debug|Any CPU
		{53369178-A189-41A2-958D-4657A5B8D6EB}.Debug|Any CPU.Build.0 = Debug|Any CPU
		{53369178-A189-41A2-958D-4657A5B8D6EB}.Release|Any CPU.ActiveCfg = Release|Any CPU
		{53369178-A189-41A2-958D-4657A5B8D6EB}.Release|Any CPU.Build.0 = Release|Any CPU
	EndGlobalSection
	GlobalSection(SolutionProperties) = preSolution
		HideSolutionNode = FALSE
	EndGlobalSection
	GlobalSection(ExtensibilityGlobals) = postSolution
		SolutionGuid = {ECD34068-0155-4544-BFBD-EB8E4381DF20}
	EndGlobalSection
EndGlobal
